
Microsoft Visual Studio Solution File, Format Version 12.00
# Visual Studio 15
VisualStudioVersion = 15.0.27428.2011
MinimumVisualStudioVersion = 10.0.40219.1
Project("{FAE04EC0-301F-11D3-BF4B-00C04F79EFBC}") = "ClockWork", "ClockWork\ClockWork.csproj", "{975147A7-1C6F-495B-8839-B793AAADE92C}"
EndProject
Global
	GlobalSection(SolutionConfigurationPlatforms) = preSolution
		Debug|Any CPU = Debug|Any CPU
		Release|Any CPU = Release|Any CPU
	EndGlobalSection
	GlobalSection(ProjectConfigurationPlatforms) = postSolution
		{975147A7-1C6F-495B-8839-B793AAADE92C}.Debug|Any CPU.ActiveCfg = Debug|Any CPU
		{975147A7-1C6F-495B-8839-B793AAADE92C}.Debug|Any CPU.Build.0 = Debug|Any CPU
		{975147A7-1C6F-495B-8839-B793AAADE92C}.Release|Any CPU.ActiveCfg = Release|Any CPU
		{975147A7-1C6F-495B-8839-B793AAADE92C}.Release|Any CPU.Build.0 = Release|Any CPU
	EndGlobalSection
	GlobalSection(SolutionProperties) = preSolution
		HideSolutionNode = FALSE
	EndGlobalSection
	GlobalSection(ExtensibilityGlobals) = postSolution
		SolutionGuid = {FCE390F7-31BE-4147-8BF3-21D3070719C1}
	EndGlobalSection
EndGlobal
